
Microsoft Visual Studio Solution File, Format Version 12.00
# Visual Studio Version 17
VisualStudioVersion = 17.8.34309.116
MinimumVisualStudioVersion = 10.0.40219.1
Project("{9A19103F-16F7-4668-BE54-9A1E7A4F7556}") = "registerAPI", "registerAPI.csproj", "{A96BE0AA-F95D-4BDB-B5C6-60D9B95A6EAE}"
EndProject
Project("{2150E333-8FDC-42A3-9474-1A3956D46DE8}") = "Solution Items", "Solution Items", "{E066F939-5494-45CE-A6F7-920A6403D06B}"
	ProjectSection(SolutionItems) = preProject
		.editorconfig = .editorconfig
	EndProjectSection
EndProject
Global
	GlobalSection(SolutionConfigurationPlatforms) = preSolution
		Debug|Any CPU = Debug|Any CPU
		Release|Any CPU = Release|Any CPU
	EndGlobalSection
	GlobalSection(ProjectConfigurationPlatforms) = postSolution
		{A96BE0AA-F95D-4BDB-B5C6-60D9B95A6EAE}.Debug|Any CPU.ActiveCfg = Debug|Any CPU
		{A96BE0AA-F95D-4BDB-B5C6-60D9B95A6EAE}.Debug|Any CPU.Build.0 = Debug|Any CPU
		{A96BE0AA-F95D-4BDB-B5C6-60D9B95A6EAE}.Release|Any CPU.ActiveCfg = Release|Any CPU
		{A96BE0AA-F95D-4BDB-B5C6-60D9B95A6EAE}.Release|Any CPU.Build.0 = Release|Any CPU
	EndGlobalSection
	GlobalSection(SolutionProperties) = preSolution
		HideSolutionNode = FALSE
	EndGlobalSection
	GlobalSection(ExtensibilityGlobals) = postSolution
		SolutionGuid = {524C983D-BA05-4780-AD27-1FA76EF63883}
	EndGlobalSection
EndGlobal
